
Microsoft Visual Studio Solution File, Format Version 12.00
# Visual Studio 2015
Project("{FAE04EC0-301F-11D3-BF4B-00C04F79EFBC}") = "Unity Portfolio.CSharp.Plugins", "Unity Portfolio.CSharp.Plugins.csproj", "{8F20AEBA-22FF-373A-CA66-E6E791717DF2}"
EndProject
Project("{FAE04EC0-301F-11D3-BF4B-00C04F79EFBC}") = "Unity Portfolio.CSharp", "Unity Portfolio.CSharp.csproj", "{E4B83478-7BC7-CA94-A507-3610C4B24838}"
EndProject
Project("{FAE04EC0-301F-11D3-BF4B-00C04F79EFBC}") = "Unity Portfolio.CSharp.Editor", "Unity Portfolio.CSharp.Editor.csproj", "{6BDCA31E-961C-5EF1-E63C-C555A2DA91F7}"
EndProject
Global
	GlobalSection(SolutionConfigurationPlatforms) = preSolution
		Debug|Any CPU = Debug|Any CPU
		Release|Any CPU = Release|Any CPU
	EndGlobalSection
	GlobalSection(ProjectConfigurationPlatforms) = postSolution
		{8F20AEBA-22FF-373A-CA66-E6E791717DF2}.Debug|Any CPU.ActiveCfg = Debug|Any CPU
		{8F20AEBA-22FF-373A-CA66-E6E791717DF2}.Debug|Any CPU.Build.0 = Debug|Any CPU
		{8F20AEBA-22FF-373A-CA66-E6E791717DF2}.Release|Any CPU.ActiveCfg = Release|Any CPU
		{8F20AEBA-22FF-373A-CA66-E6E791717DF2}.Release|Any CPU.Build.0 = Release|Any CPU
		{E4B83478-7BC7-CA94-A507-3610C4B24838}.Debug|Any CPU.ActiveCfg = Debug|Any CPU
		{E4B83478-7BC7-CA94-A507-3610C4B24838}.Debug|Any CPU.Build.0 = Debug|Any CPU
		{E4B83478-7BC7-CA94-A507-3610C4B24838}.Release|Any CPU.ActiveCfg = Release|Any CPU
		{E4B83478-7BC7-CA94-A507-3610C4B24838}.Release|Any CPU.Build.0 = Release|Any CPU
		{6BDCA31E-961C-5EF1-E63C-C555A2DA91F7}.Debug|Any CPU.ActiveCfg = Debug|Any CPU
		{6BDCA31E-961C-5EF1-E63C-C555A2DA91F7}.Debug|Any CPU.Build.0 = Debug|Any CPU
		{6BDCA31E-961C-5EF1-E63C-C555A2DA91F7}.Release|Any CPU.ActiveCfg = Release|Any CPU
		{6BDCA31E-961C-5EF1-E63C-C555A2DA91F7}.Release|Any CPU.Build.0 = Release|Any CPU
	EndGlobalSection
	GlobalSection(SolutionProperties) = preSolution
		HideSolutionNode = FALSE
	EndGlobalSection
EndGlobal
